
Microsoft Visual Studio Solution File, Format Version 12.00
# Visual Studio 16
VisualStudioVersion = 15.0.27703.2000
MinimumVisualStudioVersion = 10.0.40219.1
Project("{8BC9CEB8-8B4A-11D0-8D11-00A0C91BC942}") = "DXUT", "Core\DXUT_2019_Win10.vcxproj", "{85344B7F-5AA0-4E12-A065-D1333D11F6CA}"
EndProject
Project("{8BC9CEB8-8B4A-11D0-8D11-00A0C91BC942}") = "DXUTOpt", "Optional\DXUTOpt_2019_Win10.vcxproj", "{61B333C2-C4F7-4CC1-A9BF-83F6D95588EB}"
EndProject
Project("{2150E333-8FDC-42A3-9474-1A3956D46DE8}") = "Solution Items", "Solution Items", "{4C959E18-6969-4523-88A8-05DA5B36F168}"
	ProjectSection(SolutionItems) = preProject
		.editorconfig = .editorconfig
	EndProjectSection
EndProject
Global
	GlobalSection(SolutionConfigurationPlatforms) = preSolution
		Debug|Win32 = Debug|Win32
		Debug|x64 = Debug|x64
		Profile|Win32 = Profile|Win32
		Profile|x64 = Profile|x64
		Release|Win32 = Release|Win32
		Release|x64 = Release|x64
	EndGlobalSection
	GlobalSection(ProjectConfigurationPlatforms) = postSolution
		{85344B7F-5AA0-4E12-A065-D1333D11F6CA}.Debug|Win32.ActiveCfg = Debug|Win32
		{85344B7F-5AA0-4E12-A065-D1333D11F6CA}.Debug|Win32.Build.0 = Debug|Win32
		{85344B7F-5AA0-4E12-A065-D1333D11F6CA}.Debug|Win32.Deploy.0 = Debug|Win32
		{85344B7F-5AA0-4E12-A065-D1333D11F6CA}.Debug|x64.ActiveCfg = Debug|x64
		{85344B7F-5AA0-4E12-A065-D1333D11F6CA}.Debug|x64.Build.0 = Debug|x64
		{85344B7F-5AA0-4E12-A065-D1333D11F6CA}.Debug|x64.Deploy.0 = Debug|x64
		{85344B7F-5AA0-4E12-A065-D1333D11F6CA}.Profile|Win32.ActiveCfg = Profile|Win32
		{85344B7F-5AA0-4E12-A065-D1333D11F6CA}.Profile|Win32.Build.0 = Profile|Win32
		{85344B7F-5AA0-4E12-A065-D1333D11F6CA}.Profile|Win32.Deploy.0 = Profile|Win32
		{85344B7F-5AA0-4E12-A065-D1333D11F6CA}.Profile|x64.ActiveCfg = Profile|x64
		{85344B7F-5AA0-4E12-A065-D1333D11F6CA}.Profile|x64.Build.0 = Profile|x64
		{85344B7F-5AA0-4E12-A065-D1333D11F6CA}.Profile|x64.Deploy.0 = Profile|x64
		{85344B7F-5AA0-4E12-A065-D1333D11F6CA}.Release|Win32.ActiveCfg = Release|Win32
		{85344B7F-5AA0-4E12-A065-D1333D11F6CA}.Release|Win32.Build.0 = Release|Win32
		{85344B7F-5AA0-4E12-A065-D1333D11F6CA}.Release|Win32.Deploy.0 = Release|Win32
		{85344B7F-5AA0-4E12-A065-D1333D11F6CA}.Release|x64.ActiveCfg = Release|x64
		{85344B7F-5AA0-4E12-A065-D1333D11F6CA}.Release|x64.Build.0 = Release|x64
		{85344B7F-5AA0-4E12-A065-D1333D11F6CA}.Release|x64.Deploy.0 = Release|x64
		{61B333C2-C4F7-4CC1-A9BF-83F6D95588EB}.Debug|Win32.ActiveCfg = Debug|Win32
		{61B333C2-C4F7-4CC1-A9BF-83F6D95588EB}.Debug|Win32.Build.0 = Debug|Win32
		{61B333C2-C4F7-4CC1-A9BF-83F6D95588EB}.Debug|Win32.Deploy.0 = Debug|Win32
		{61B333C2-C4F7-4CC1-A9BF-83F6D95588EB}.Debug|x64.ActiveCfg = Debug|x64
		{61B333C2-C4F7-4CC1-A9BF-83F6D95588EB}.Debug|x64.Build.0 = Debug|x64
		{61B333C2-C4F7-4CC1-A9BF-83F6D95588EB}.Debug|x64.Deploy.0 = Debug|x64
		{61B333C2-C4F7-4CC1-A9BF-83F6D95588EB}.Profile|Win32.ActiveCfg = Profile|Win32
		{61B333C2-C4F7-4CC1-A9BF-83F6D95588EB}.Profile|Win32.Build.0 = Profile|Win32
		{61B333C2-C4F7-4CC1-A9BF-83F6D95588EB}.Profile|Win32.Deploy.0 = Profile|Win32
		{61B333C2-C4F7-4CC1-A9BF-83F6D95588EB}.Profile|x64.ActiveCfg = Profile|x64
		{61B333C2-C4F7-4CC1-A9BF-83F6D95588EB}.Profile|x64.Build.0 = Profile|x64
		{61B333C2-C4F7-4CC1-A9BF-83F6D95588EB}.Profile|x64.Deploy.0 = Profile|x64
		{61B333C2-C4F7-4CC1-A9BF-83F6D95588EB}.Release|Win32.ActiveCfg = Release|Win32
		{61B333C2-C4F7-4CC1-A9BF-83F6D95588EB}.Release|Win32.Build.0 = Release|Win32
		{61B333C2-C4F7-4CC1-A9BF-83F6D95588EB}.Release|Win32.Deploy.0 = Release|Win32
		{61B333C2-C4F7-4CC1-A9BF-83F6D95588EB}.Release|x64.ActiveCfg = Release|x64
		{61B333C2-C4F7-4CC1-A9BF-83F6D95588EB}.Release|x64.Build.0 = Release|x64
		{61B333C2-C4F7-4CC1-A9BF-83F6D95588EB}.Release|x64.Deploy.0 = Release|x64
	EndGlobalSection
	GlobalSection(SolutionProperties) = preSolution
		HideSolutionNode = FALSE
	EndGlobalSection
	GlobalSection(ExtensibilityGlobals) = postSolution
		SolutionGuid = {47CE266D-B0B1-44CE-A32C-E57A18C54CF3}
	EndGlobalSection
EndGlobal
